
Microsoft Visual Studio Solution File, Format Version 12.00
# Visual Studio Version 17
VisualStudioVersion = 17.13.35806.99 d17.13
MinimumVisualStudioVersion = 10.0.40219.1
Project("{FAE04EC0-301F-11D3-BF4B-00C04F79EFBC}") = "arabaYasi", "arabaYasi\arabaYasi.csproj", "{FD4F2B37-7ACC-4D2D-907D-29CFCB63EE28}"
EndProject
Global
	GlobalSection(SolutionConfigurationPlatforms) = preSolution
		Debug|Any CPU = Debug|Any CPU
		Release|Any CPU = Release|Any CPU
	EndGlobalSection
	GlobalSection(ProjectConfigurationPlatforms) = postSolution
		{FD4F2B37-7ACC-4D2D-907D-29CFCB63EE28}.Debug|Any CPU.ActiveCfg = Debug|Any CPU
		{FD4F2B37-7ACC-4D2D-907D-29CFCB63EE28}.Debug|Any CPU.Build.0 = Debug|Any CPU
		{FD4F2B37-7ACC-4D2D-907D-29CFCB63EE28}.Release|Any CPU.ActiveCfg = Release|Any CPU
		{FD4F2B37-7ACC-4D2D-907D-29CFCB63EE28}.Release|Any CPU.Build.0 = Release|Any CPU
	EndGlobalSection
	GlobalSection(SolutionProperties) = preSolution
		HideSolutionNode = FALSE
	EndGlobalSection
	GlobalSection(ExtensibilityGlobals) = postSolution
		SolutionGuid = {896F6F40-384E-4754-81A5-1055E258A093}
	EndGlobalSection
EndGlobal
